
Microsoft Visual Studio Solution File, Format Version 12.00
# Visual Studio 2017
Project("{FAE04EC0-301F-11D3-BF4B-00C04F79EFBC}") = "tutorial2dRPG", "tutorial2dRPG.csproj", "{0830B107-63D2-583B-3AC6-9F892F0C6429}"
EndProject
Project("{FAE04EC0-301F-11D3-BF4B-00C04F79EFBC}") = "tutorial2dRPG.Editor", "tutorial2dRPG.Editor.csproj", "{95FEC6FA-B3EA-6414-A44B-58D9E9BBC7CD}"
EndProject
Global
	GlobalSection(SolutionConfigurationPlatforms) = preSolution
		Debug|Any CPU = Debug|Any CPU
		Release|Any CPU = Release|Any CPU
	EndGlobalSection
	GlobalSection(ProjectConfigurationPlatforms) = postSolution
		{0830B107-63D2-583B-3AC6-9F892F0C6429}.Debug|Any CPU.ActiveCfg = Debug|Any CPU
		{0830B107-63D2-583B-3AC6-9F892F0C6429}.Debug|Any CPU.Build.0 = Debug|Any CPU
		{0830B107-63D2-583B-3AC6-9F892F0C6429}.Release|Any CPU.ActiveCfg = Release|Any CPU
		{0830B107-63D2-583B-3AC6-9F892F0C6429}.Release|Any CPU.Build.0 = Release|Any CPU
		{95FEC6FA-B3EA-6414-A44B-58D9E9BBC7CD}.Debug|Any CPU.ActiveCfg = Debug|Any CPU
		{95FEC6FA-B3EA-6414-A44B-58D9E9BBC7CD}.Debug|Any CPU.Build.0 = Debug|Any CPU
		{95FEC6FA-B3EA-6414-A44B-58D9E9BBC7CD}.Release|Any CPU.ActiveCfg = Release|Any CPU
		{95FEC6FA-B3EA-6414-A44B-58D9E9BBC7CD}.Release|Any CPU.Build.0 = Release|Any CPU
	EndGlobalSection
	GlobalSection(SolutionProperties) = preSolution
		HideSolutionNode = FALSE
	EndGlobalSection
EndGlobal
